// !$*UTF8*$!
{
	archiveVersion = 1;
	classes = {
	};
	objectVersion = 46;
	objects = {

/* Begin PBXBuildFile section */
		2C34EC778C21C59C56A6AA3E /* Pods_GitTest_GitTestTests.framework in Frameworks */ = {isa = PBXBuildFile; fileRef = B421AC6A1220748C5932C17F /* Pods_GitTest_GitTestTests.framework */; };
		72B838C2C156F2A08E63385C /* Pods_GitTest.framework in Frameworks */ = {isa = PBXBuildFile; fileRef = 2CE081B493A518DF0DC9425D /* Pods_GitTest.framework */; };
		D0B011B51EFCEE420096B623 /* main.m in Sources */ = {isa = PBXBuildFile; fileRef = D0B011B41EFCEE420096B623 /* main.m */; };
		D0B011B81EFCEE420096B623 /* AppDelegate.m in Sources */ = {isa = PBXBuildFile; fileRef = D0B011B71EFCEE420096B623 /* AppDelegate.m */; };
		D0B011BB1EFCEE420096B623 /* ViewController.m in Sources */ = {isa = PBXBuildFile; fileRef = D0B011BA1EFCEE420096B623 /* ViewController.m */; };
		D0B011BE1EFCEE420096B623 /* Main.storyboard in Resources */ = {isa = PBXBuildFile; fileRef = D0B011BC1EFCEE420096B623 /* Main.storyboard */; };
		D0B011C01EFCEE420096B623 /* Assets.xcassets in Resources */ = {isa = PBXBuildFile; fileRef = D0B011BF1EFCEE420096B623 /* Assets.xcassets */; };
		D0B011C31EFCEE420096B623 /* LaunchScreen.storyboard in Resources */ = {isa = PBXBuildFile; fileRef = D0B011C11EFCEE420096B623 /* LaunchScreen.storyboard */; };
		D0B011CE1EFCEE430096B623 /* GitTestTests.m in Sources */ = {isa = PBXBuildFile; fileRef = D0B011CD1EFCEE430096B623 /* GitTestTests.m */; };
		D0B011D91EFCEE430096B623 /* GitTestUITests.m in Sources */ = {isa = PBXBuildFile; fileRef = D0B011D81EFCEE430096B623 /* GitTestUITests.m */; };
/* End PBXBuildFile section */

/* Begin PBXContainerItemProxy section */
		D0B011CA1EFCEE430096B623 /* PBXContainerItemProxy */ = {
			isa = PBXContainerItemProxy;
			containerPortal = D0B011A81EFCEE420096B623 /* Project object */;
			proxyType = 1;
			remoteGlobalIDString = D0B011AF1EFCEE420096B623;
			remoteInfo = GitTest;
		};
		D0B011D51EFCEE430096B623 /* PBXContainerItemProxy */ = {
			isa = PBXContainerItemProxy;
			containerPortal = D0B011A81EFCEE420096B623 /* Project object */;
			proxyType = 1;
			remoteGlobalIDString = D0B011AF1EFCEE420096B623;
			remoteInfo = GitTest;
		};
/* End PBXContainerItemProxy section */

/* Begin PBXFileReference section */
		29224D9F740FC28DB24F4A32 /* Pods-GitTest.release.xcconfig */ = {isa = PBXFileReference; includeInIndex = 1; lastKnownFileType = text.xcconfig; name = "Pods-GitTest.release.xcconfig"; path = "Pods/Target Support Files/Pods-GitTest/Pods-GitTest.release.xcconfig"; sourceTree = "<group>"; };
		2CE081B493A518DF0DC9425D /* Pods_GitTest.framework */ = {isa = PBXFileReference; explicitFileType = wrapper.framework; includeInIndex = 0; path = Pods_GitTest.framework; sourceTree = BUILT_PRODUCTS_DIR; };
		50265B110175FEA74C745304 /* Pods-GitTest.debug.xcconfig */ = {isa = PBXFileReference; includeInIndex = 1; lastKnownFileType = text.xcconfig; name = "Pods-GitTest.debug.xcconfig"; path = "Pods/Target Support Files/Pods-GitTest/Pods-GitTest.debug.xcconfig"; sourceTree = "<group>"; };
		8B17EBA3316828EA80EEB2C8 /* Pods-GitTest-GitTestTests.debug.xcconfig */ = {isa = PBXFileReference; includeInIndex = 1; lastKnownFileType = text.xcconfig; name = "Pods-GitTest-GitTestTests.debug.xcconfig"; path = "Pods/Target Support Files/Pods-GitTest-GitTestTests/Pods-GitTest-GitTestTests.debug.xcconfig"; sourceTree = "<group>"; };
		8C5BE42D6E321C59DD1FF973 /* Pods-GitTest-GitTestTests.release.xcconfig */ = {isa = PBXFileReference; includeInIndex = 1; lastKnownFileType = text.xcconfig; name = "Pods-GitTest-GitTestTests.release.xcconfig"; path = "Pods/Target Support Files/Pods-GitTest-GitTestTests/Pods-GitTest-GitTestTests.release.xcconfig"; sourceTree = "<group>"; };
		B421AC6A1220748C5932C17F /* Pods_GitTest_GitTestTests.framework */ = {isa = PBXFileReference; explicitFileType = wrapper.framework; includeInIndex = 0; path = Pods_GitTest_GitTestTests.framework; sourceTree = BUILT_PRODUCTS_DIR; };
		D0B011B01EFCEE420096B623 /* GitTest.app */ = {isa = PBXFileReference; explicitFileType = wrapper.application; includeInIndex = 0; path = GitTest.app; sourceTree = BUILT_PRODUCTS_DIR; };
		D0B011B41EFCEE420096B623 /* main.m */ = {isa = PBXFileReference; lastKnownFileType = sourcecode.c.objc; path = main.m; sourceTree = "<group>"; };
		D0B011B61EFCEE420096B623 /* AppDelegate.h */ = {isa = PBXFileReference; lastKnownFileType = sourcecode.c.h; path = AppDelegate.h; sourceTree = "<group>"; };
		D0B011B71EFCEE420096B623 /* AppDelegate.m */ = {isa = PBXFileReference; lastKnownFileType = sourcecode.c.objc; path = AppDelegate.m; sourceTree = "<group>"; };
		D0B011B91EFCEE420096B623 /* ViewController.h */ = {isa = PBXFileReference; lastKnownFileType = sourcecode.c.h; path = ViewController.h; sourceTree = "<group>"; };
		D0B011BA1EFCEE420096B623 /* ViewController.m */ = {isa = PBXFileReference; lastKnownFileType = sourcecode.c.objc; path = ViewController.m; sourceTree = "<group>"; };
		D0B011BD1EFCEE420096B623 /* Base */ = {isa = PBXFileReference; lastKnownFileType = file.storyboard; name = Base; path = Base.lproj/Main.storyboard; sourceTree = "<group>"; };
		D0B011BF1EFCEE420096B623 /* Assets.xcassets */ = {isa = PBXFileReference; lastKnownFileType = folder.assetcatalog; path = Assets.xcassets; sourceTree = "<group>"; };
		D0B011C21EFCEE420096B623 /* Base */ = {isa = PBXFileReference; lastKnownFileType = file.storyboard; name = Base; path = Base.lproj/LaunchScreen.storyboard; sourceTree = "<group>"; };
		D0B011C41EFCEE420096B623 /* Info.plist */ = {isa = PBXFileReference; lastKnownFileType = text.plist.xml; path = Info.plist; sourceTree = "<group>"; };
		D0B011C91EFCEE430096B623 /* GitTestTests.xctest */ = {isa = PBXFileReference; explicitFileType = wrapper.cfbundle; includeInIndex = 0; path = GitTestTests.xctest; sourceTree = BUILT_PRODUCTS_DIR; };
		D0B011CD1EFCEE430096B623 /* GitTestTests.m */ = {isa = PBXFileReference; lastKnownFileType = sourcecode.c.objc; path = GitTestTests.m; sourceTree = "<group>"; };
		D0B011CF1EFCEE430096B623 /* Info.plist */ = {isa = PBXFileReference; lastKnownFileType = text.plist.xml; path = Info.plist; sourceTree = "<group>"; };
		D0B011D41EFCEE430096B623 /* GitTestUITests.xctest */ = {isa = PBXFileReference; explicitFileType = wrapper.cfbundle; includeInIndex = 0; path = GitTestUITests.xctest; sourceTree = BUILT_PRODUCTS_DIR; };
		D0B011D81EFCEE430096B623 /* GitTestUITests.m */ = {isa = PBXFileReference; lastKnownFileType = sourcecode.c.objc; path = GitTestUITests.m; sourceTree = "<group>"; };
		D0B011DA1EFCEE430096B623 /* Info.plist */ = {isa = PBXFileReference; lastKnownFileType = text.plist.xml; path = Info.plist; sourceTree = "<group>"; };
/* End PBXFileReference section */

/* Begin PBXFrameworksBuildPhase section */
		D0B011AD1EFCEE420096B623 /* Frameworks */ = {
			isa = PBXFrameworksBuildPhase;
			buildActionMask = 2147483647;
			files = (
				72B838C2C156F2A08E63385C /* Pods_GitTest.framework in Frameworks */,
			);
			runOnlyForDeploymentPostprocessing = 0;
		};
		D0B011C61EFCEE430096B623 /* Frameworks */ = {
			isa = PBXFrameworksBuildPhase;
			buildActionMask = 2147483647;
			files = (
				2C34EC778C21C59C56A6AA3E /* Pods_GitTest_GitTestTests.framework in Frameworks */,
			);
			runOnlyForDeploymentPostprocessing = 0;
		};
		D0B011D11EFCEE430096B623 /* Frameworks */ = {
			isa = PBXFrameworksBuildPhase;
			buildActionMask = 2147483647;
			files = (
			);
			runOnlyForDeploymentPostprocessing = 0;
		};
/* End PBXFrameworksBuildPhase section */

/* Begin PBXGroup section */
		B1EE9F95DF0D7E1EF027EFC2 /* Pods */ = {
			isa = PBXGroup;
			children = (
				50265B110175FEA74C745304 /* Pods-GitTest.debug.xcconfig */,
				29224D9F740FC28DB24F4A32 /* Pods-GitTest.release.xcconfig */,
				8B17EBA3316828EA80EEB2C8 /* Pods-GitTest-GitTestTests.debug.xcconfig */,
				8C5BE42D6E321C59DD1FF973 /* Pods-GitTest-GitTestTests.release.xcconfig */,
			);
			name = Pods;
			sourceTree = "<group>";
		};
		D0B011A71EFCEE420096B623 = {
			isa = PBXGroup;
			children = (
				D0B011B21EFCEE420096B623 /* GitTest */,
				D0B011CC1EFCEE430096B623 /* GitTestTests */,
				D0B011D71EFCEE430096B623 /* GitTestUITests */,
				D0B011B11EFCEE420096B623 /* Products */,
				B1EE9F95DF0D7E1EF027EFC2 /* Pods */,
				E9CFC3D5DF9C28EEA483601F /* Frameworks */,
			);
			sourceTree = "<group>";
		};
		D0B011B11EFCEE420096B623 /* Products */ = {
			isa = PBXGroup;
			children = (
				D0B011B01EFCEE420096B623 /* GitTest.app */,
				D0B011C91EFCEE430096B623 /* GitTestTests.xctest */,
				D0B011D41EFCEE430096B623 /* GitTestUITests.xctest */,
			);
			name = Products;
			sourceTree = "<group>";
		};
		D0B011B21EFCEE420096B623 /* GitTest */ = {
			isa = PBXGroup;
			children = (
				D0B011B61EFCEE420096B623 /* AppDelegate.h */,
				D0B011B71EFCEE420096B623 /* AppDelegate.m */,
				D0B011B91EFCEE420096B623 /* ViewController.h */,
				D0B011BA1EFCEE420096B623 /* ViewController.m */,
				D0B011BC1EFCEE420096B623 /* Main.storyboard */,
				D0B011BF1EFCEE420096B623 /* Assets.xcassets */,
				D0B011C11EFCEE420096B623 /* LaunchScreen.storyboard */,
				D0B011C41EFCEE420096B623 /* Info.plist */,
				D0B011B31EFCEE420096B623 /* Supporting Files */,
			);
			path = GitTest;
			sourceTree = "<group>";
		};
		D0B011B31EFCEE420096B623 /* Supporting Files */ = {
			isa = PBXGroup;
			children = (
				D0B011B41EFCEE420096B623 /* main.m */,
			);
			name = "Supporting Files";
			sourceTree = "<group>";
		};
		D0B011CC1EFCEE430096B623 /* GitTestTests */ = {
			isa = PBXGroup;
			children = (
				D0B011CD1EFCEE430096B623 /* GitTestTests.m */,
				D0B011CF1EFCEE430096B623 /* Info.plist */,
			);
			path = GitTestTests;
			sourceTree = "<group>";
		};
		D0B011D71EFCEE430096B623 /* GitTestUITests */ = {
			isa = PBXGroup;
			children = (
				D0B011D81EFCEE430096B623 /* GitTestUITests.m */,
				D0B011DA1EFCEE430096B623 /* Info.plist */,
			);
			path = GitTestUITests;
			sourceTree = "<group>";
		};
		E9CFC3D5DF9C28EEA483601F /* Frameworks */ = {
			isa = PBXGroup;
			children = (
				2CE081B493A518DF0DC9425D /* Pods_GitTest.framework */,
				B421AC6A1220748C5932C17F /* Pods_GitTest_GitTestTests.framework */,
			);
			name = Frameworks;
			sourceTree = "<group>";
		};
/* End PBXGroup section */

/* Begin PBXNativeTarget section */
		D0B011AF1EFCEE420096B623 /* GitTest */ = {
			isa = PBXNativeTarget;
			buildConfigurationList = D0B011DD1EFCEE430096B623 /* Build configuration list for PBXNativeTarget "GitTest" */;
			buildPhases = (
				A2043E49A8E9DC0BD04D286F /* [CP] Check Pods Manifest.lock */,
				D0B011AC1EFCEE420096B623 /* Sources */,
				D0B011AD1EFCEE420096B623 /* Frameworks */,
				D0B011AE1EFCEE420096B623 /* Resources */,
				4E0510D8861D2B1F1DB88EED /* [CP] Embed Pods Frameworks */,
				B2E91D2AE8BE6A6E660D7FFD /* [CP] Copy Pods Resources */,
			);
			buildRules = (
			);
			dependencies = (
			);
			name = GitTest;
			productName = GitTest;
			productReference = D0B011B01EFCEE420096B623 /* GitTest.app */;
			productType = "com.apple.product-type.application";
		};
		D0B011C81EFCEE430096B623 /* GitTestTests */ = {
			isa = PBXNativeTarget;
			buildConfigurationList = D0B011E01EFCEE430096B623 /* Build configuration list for PBXNativeTarget "GitTestTests" */;
			buildPhases = (
				06A5F8629F5B97AD84737287 /* [CP] Check Pods Manifest.lock */,
				D0B011C51EFCEE430096B623 /* Sources */,
				D0B011C61EFCEE430096B623 /* Frameworks */,
				D0B011C71EFCEE430096B623 /* Resources */,
				79488DB3F0B3EB71B1675962 /* [CP] Embed Pods Frameworks */,
				31E65CC6BD9EAC833476470E /* [CP] Copy Pods Resources */,
			);
			buildRules = (
			);
			dependencies = (
				D0B011CB1EFCEE430096B623 /* PBXTargetDependency */,
			);
			name = GitTestTests;
			productName = GitTestTests;
			productReference = D0B011C91EFCEE430096B623 /* GitTestTests.xctest */;
			productType = "com.apple.product-type.bundle.unit-test";
		};
		D0B011D31EFCEE430096B623 /* GitTestUITests */ = {
			isa = PBXNativeTarget;
			buildConfigurationList = D0B011E31EFCEE430096B623 /* Build configuration list for PBXNativeTarget "GitTestUITests" */;
			buildPhases = (
				D0B011D01EFCEE430096B623 /* Sources */,
				D0B011D11EFCEE430096B623 /* Frameworks */,
				D0B011D21EFCEE430096B623 /* Resources */,
			);
			buildRules = (
			);
			dependencies = (
				D0B011D61EFCEE430096B623 /* PBXTargetDependency */,
			);
			name = GitTestUITests;
			productName = GitTestUITests;
			productReference = D0B011D41EFCEE430096B623 /* GitTestUITests.xctest */;
			productType = "com.apple.product-type.bundle.ui-testing";
		};
/* End PBXNativeTarget section */

/* Begin PBXProject section */
		D0B011A81EFCEE420096B623 /* Project object */ = {
			isa = PBXProject;
			attributes = {
				LastUpgradeCheck = 0830;
				ORGANIZATIONNAME = PioneerLee;
				TargetAttributes = {
					D0B011AF1EFCEE420096B623 = {
						CreatedOnToolsVersion = 8.3;
						ProvisioningStyle = Automatic;
					};
					D0B011C81EFCEE430096B623 = {
						CreatedOnToolsVersion = 8.3;
						ProvisioningStyle = Automatic;
						TestTargetID = D0B011AF1EFCEE420096B623;
					};
					D0B011D31EFCEE430096B623 = {
						CreatedOnToolsVersion = 8.3;
						ProvisioningStyle = Automatic;
						TestTargetID = D0B011AF1EFCEE420096B623;
					};
				};
			};
			buildConfigurationList = D0B011AB1EFCEE420096B623 /* Build configuration list for PBXProject "GitTest" */;
			compatibilityVersion = "Xcode 3.2";
			developmentRegion = English;
			hasScannedForEncodings = 0;
			knownRegions = (
				en,
				Base,
			);
			mainGroup = D0B011A71EFCEE420096B623;
			productRefGroup = D0B011B11EFCEE420096B623 /* Products */;
			projectDirPath = "";
			projectRoot = "";
			targets = (
				D0B011AF1EFCEE420096B623 /* GitTest */,
				D0B011C81EFCEE430096B623 /* GitTestTests */,
				D0B011D31EFCEE430096B623 /* GitTestUITests */,
			);
		};
/* End PBXProject section */

/* Begin PBXResourcesBuildPhase section */
		D0B011AE1EFCEE420096B623 /* Resources */ = {
			isa = PBXResourcesBuildPhase;
			buildActionMask = 2147483647;
			files = (
				D0B011C31EFCEE420096B623 /* LaunchScreen.storyboard in Resources */,
				D0B011C01EFCEE420096B623 /* Assets.xcassets in Resources */,
				D0B011BE1EFCEE420096B623 /* Main.storyboard in Resources */,
			);
			runOnlyForDeploymentPostprocessing = 0;
		};
		D0B011C71EFCEE430096B623 /* Resources */ = {
			isa = PBXResourcesBuildPhase;
			buildActionMask = 2147483647;
			files = (
			);
			runOnlyForDeploymentPostprocessing = 0;
		};
		D0B011D21EFCEE430096B623 /* Resources */ = {
			isa = PBXResourcesBuildPhase;
			buildActionMask = 2147483647;
			files = (
			);
			runOnlyForDeploymentPostprocessing = 0;
		};
/* End PBXResourcesBuildPhase section */

/* Begin PBXShellScriptBuildPhase section */
		06A5F8629F5B97AD84737287 /* [CP] Check Pods Manifest.lock */ = {
			isa = PBXShellScriptBuildPhase;
			buildActionMask = 2147483647;
			files = (
			);
			inputPaths = (
			);
			name = "[CP] Check Pods Manifest.lock";
			outputPaths = (
			);
			runOnlyForDeploymentPostprocessing = 0;
			shellPath = /bin/sh;
			shellScript = "diff \"${PODS_ROOT}/../Podfile.lock\" \"${PODS_ROOT}/Manifest.lock\" > /dev/null\nif [ $? != 0 ] ; then\n    # print error to STDERR\n    echo \"error: The sandbox is not in sync with the Podfile.lock. Run 'pod install' or update your CocoaPods installation.\" >&2\n    exit 1\nfi\n";
			showEnvVarsInLog = 0;
		};
		31E65CC6BD9EAC833476470E /* [CP] Copy Pods Resources */ = {
			isa = PBXShellScriptBuildPhase;
			buildActionMask = 2147483647;
			files = (
			);
			inputPaths = (
			);
			name = "[CP] Copy Pods Resources";
			outputPaths = (
			);
			runOnlyForDeploymentPostprocessing = 0;
			shellPath = /bin/sh;
			shellScript = "\"${SRCROOT}/Pods/Target Support Files/Pods-GitTest-GitTestTests/Pods-GitTest-GitTestTests-resources.sh\"\n";
			showEnvVarsInLog = 0;
		};
		4E0510D8861D2B1F1DB88EED /* [CP] Embed Pods Frameworks */ = {
			isa = PBXShellScriptBuildPhase;
			buildActionMask = 2147483647;
			files = (
			);
			inputPaths = (
			);
			name = "[CP] Embed Pods Frameworks";
			outputPaths = (
			);
			runOnlyForDeploymentPostprocessing = 0;
			shellPath = /bin/sh;
			shellScript = "\"${SRCROOT}/Pods/Target Support Files/Pods-GitTest/Pods-GitTest-frameworks.sh\"\n";
			showEnvVarsInLog = 0;
		};
		79488DB3F0B3EB71B1675962 /* [CP] Embed Pods Frameworks */ = {
			isa = PBXShellScriptBuildPhase;
			buildActionMask = 2147483647;
			files = (
			);
			inputPaths = (
			);
			name = "[CP] Embed Pods Frameworks";
			outputPaths = (
			);
			runOnlyForDeploymentPostprocessing = 0;
			shellPath = /bin/sh;
			shellScript = "\"${SRCROOT}/Pods/Target Support Files/Pods-GitTest-GitTestTests/Pods-GitTest-GitTestTests-frameworks.sh\"\n";
			showEnvVarsInLog = 0;
		};
		A2043E49A8E9DC0BD04D286F /* [CP] Check Pods Manifest.lock */ = {
			isa = PBXShellScriptBuildPhase;
			buildActionMask = 2147483647;
			files = (
			);
			inputPaths = (
			);
			name = "[CP] Check Pods Manifest.lock";
			outputPaths = (
			);
			runOnlyForDeploymentPostprocessing = 0;
			shellPath = /bin/sh;
			shellScript = "diff \"${PODS_ROOT}/../Podfile.lock\" \"${PODS_ROOT}/Manifest.lock\" > /dev/null\nif [ $? != 0 ] ; then\n    # print error to STDERR\n    echo \"error: The sandbox is not in sync with the Podfile.lock. Run 'pod install' or update your CocoaPods installation.\" >&2\n    exit 1\nfi\n";
			showEnvVarsInLog = 0;
		};
		B2E91D2AE8BE6A6E660D7FFD /* [CP] Copy Pods Resources */ = {
			isa = PBXShellScriptBuildPhase;
			buildActionMask = 2147483647;
			files = (
			);
			inputPaths = (
			);
			name = "[CP] Copy Pods Resources";
			outputPaths = (
			);
			runOnlyForDeploymentPostprocessing = 0;
			shellPath = /bin/sh;
			shellScript = "\"${SRCROOT}/Pods/Target Support Files/Pods-GitTest/Pods-GitTest-resources.sh\"\n";
			showEnvVarsInLog = 0;
		};
/* End PBXShellScriptBuildPhase section */

/* Begin PBXSourcesBuildPhase section */
		D0B011AC1EFCEE420096B623 /* Sources */ = {
			isa = PBXSourcesBuildPhase;
			buildActionMask = 2147483647;
			files = (
				D0B011BB1EFCEE420096B623 /* ViewController.m in Sources */,
				D0B011B81EFCEE420096B623 /* AppDelegate.m in Sources */,
				D0B011B51EFCEE420096B623 /* main.m in Sources */,
			);
			runOnlyForDeploymentPostprocessing = 0;
		};
		D0B011C51EFCEE430096B623 /* Sources */ = {
			isa = PBXSourcesBuildPhase;
			buildActionMask = 2147483647;
			files = (
				D0B011CE1EFCEE430096B623 /* GitTestTests.m in Sources */,
			);
			runOnlyForDeploymentPostprocessing = 0;
		};
		D0B011D01EFCEE430096B623 /* Sources */ = {
			isa = PBXSourcesBuildPhase;
			buildActionMask = 2147483647;
			files = (
				D0B011D91EFCEE430096B623 /* GitTestUITests.m in Sources */,
			);
			runOnlyForDeploymentPostprocessing = 0;
		};
/* End PBXSourcesBuildPhase section */

/* Begin PBXTargetDependency section */
		D0B011CB1EFCEE430096B623 /* PBXTargetDependency */ = {
			isa = PBXTargetDependency;
			target = D0B011AF1EFCEE420096B623 /* GitTest */;
			targetProxy = D0B011CA1EFCEE430096B623 /* PBXContainerItemProxy */;
		};
		D0B011D61EFCEE430096B623 /* PBXTargetDependency */ = {
			isa = PBXTargetDependency;
			target = D0B011AF1EFCEE420096B623 /* GitTest */;
			targetProxy = D0B011D51EFCEE430096B623 /* PBXContainerItemProxy */;
		};
/* End PBXTargetDependency section */

/* Begin PBXVariantGroup section */
		D0B011BC1EFCEE420096B623 /* Main.storyboard */ = {
			isa = PBXVariantGroup;
			children = (
				D0B011BD1EFCEE420096B623 /* Base */,
			);
			name = Main.storyboard;
			sourceTree = "<group>";
		};
		D0B011C11EFCEE420096B623 /* LaunchScreen.storyboard */ = {
			isa = PBXVariantGroup;
			children = (
				D0B011C21EFCEE420096B623 /* Base */,
			);
			name = LaunchScreen.storyboard;
			sourceTree = "<group>";
		};
/* End PBXVariantGroup section */

/* Begin XCBuildConfiguration section */
		D0B011DB1EFCEE430096B623 /* Debug */ = {
			isa = XCBuildConfiguration;
			buildSettings = {
				ALWAYS_SEARCH_USER_PATHS = NO;
				CLANG_ANALYZER_NONNULL = YES;
				CLANG_ANALYZER_NUMBER_OBJECT_CONVERSION = YES_AGGRESSIVE;
				CLANG_CXX_LANGUAGE_STANDARD = "gnu++0x";
				CLANG_CXX_LIBRARY = "libc++";
				CLANG_ENABLE_MODULES = YES;
				CLANG_ENABLE_OBJC_ARC = YES;
				CLANG_WARN_BOOL_CONVERSION = YES;
				CLANG_WARN_CONSTANT_CONVERSION = YES;
				CLANG_WARN_DIRECT_OBJC_ISA_USAGE = YES_ERROR;
				CLANG_WARN_DOCUMENTATION_COMMENTS = YES;
				CLANG_WARN_EMPTY_BODY = YES;
				CLANG_WARN_ENUM_CONVERSION = YES;
				CLANG_WARN_INFINITE_RECURSION = YES;
				CLANG_WARN_INT_CONVERSION = YES;
				CLANG_WARN_OBJC_ROOT_CLASS = YES_ERROR;
				CLANG_WARN_SUSPICIOUS_MOVE = YES;
				CLANG_WARN_UNREACHABLE_CODE = YES;
				CLANG_WARN__DUPLICATE_METHOD_MATCH = YES;
				"CODE_SIGN_IDENTITY[sdk=iphoneos*]" = "iPhone Developer";
				COPY_PHASE_STRIP = NO;
				DEBUG_INFORMATION_FORMAT = dwarf;
				ENABLE_STRICT_OBJC_MSGSEND = YES;
				ENABLE_TESTABILITY = YES;
				GCC_C_LANGUAGE_STANDARD = gnu99;
				GCC_DYNAMIC_NO_PIC = NO;
				GCC_NO_COMMON_BLOCKS = YES;
				GCC_OPTIMIZATION_LEVEL = 0;
				GCC_PREPROCESSOR_DEFINITIONS = (
					"DEBUG=1",
					"$(inherited)",
				);
				GCC_WARN_64_TO_32_BIT_CONVERSION = YES;
				GCC_WARN_ABOUT_RETURN_TYPE = YES_ERROR;
				GCC_WARN_UNDECLARED_SELECTOR = YES;
				GCC_WARN_UNINITIALIZED_AUTOS = YES_AGGRESSIVE;
				GCC_WARN_UNUSED_FUNCTION = YES;
				GCC_WARN_UNUSED_VARIABLE = YES;
				IPHONEOS_DEPLOYMENT_TARGET = 10.3;
				MTL_ENABLE_DEBUG_INFO = YES;
				ONLY_ACTIVE_ARCH = YES;
				SDKROOT = iphoneos;
			};
			name = Debug;
		};
		D0B011DC1EFCEE430096B623 /* Release */ = {
			isa = XCBuildConfiguration;
			buildSettings = {
				ALWAYS_SEARCH_USER_PATHS = NO;
				CLANG_ANALYZER_NONNULL = YES;
				CLANG_ANALYZER_NUMBER_OBJECT_CONVERSION = YES_AGGRESSIVE;
				CLANG_CXX_LANGUAGE_STANDARD = "gnu++0x";
				CLANG_CXX_LIBRARY = "libc++";
				CLANG_ENABLE_MODULES = YES;
				CLANG_ENABLE_OBJC_ARC = YES;
				CLANG_WARN_BOOL_CONVERSION = YES;
				CLANG_WARN_CONSTANT_CONVERSION = YES;
				CLANG_WARN_DIRECT_OBJC_ISA_USAGE = YES_ERROR;
				CLANG_WARN_DOCUMENTATION_COMMENTS = YES;
				CLANG_WARN_EMPTY_BODY = YES;
				CLANG_WARN_ENUM_CONVERSION = YES;
				CLANG_WARN_INFINITE_RECURSION = YES;
				CLANG_WARN_INT_CONVERSION = YES;
				CLANG_WARN_OBJC_ROOT_CLASS = YES_ERROR;
				CLANG_WARN_SUSPICIOUS_MOVE = YES;
				CLANG_WARN_UNREACHABLE_CODE = YES;
				CLANG_WARN__DUPLICATE_METHOD_MATCH = YES;
				"CODE_SIGN_IDENTITY[sdk=iphoneos*]" = "iPhone Developer";
				COPY_PHASE_STRIP = NO;
				DEBUG_INFORMATION_FORMAT = "dwarf-with-dsym";
				ENABLE_NS_ASSERTIONS = NO;
				ENABLE_STRICT_OBJC_MSGSEND = YES;
				GCC_C_LANGUAGE_STANDARD = gnu99;
				GCC_NO_COMMON_BLOCKS = YES;
				GCC_WARN_64_TO_32_BIT_CONVERSION = YES;
				GCC_WARN_ABOUT_RETURN_TYPE = YES_ERROR;
				GCC_WARN_UNDECLARED_SELECTOR = YES;
				GCC_WARN_UNINITIALIZED_AUTOS = YES_AGGRESSIVE;
				GCC_WARN_UNUSED_FUNCTION = YES;
				GCC_WARN_UNUSED_VARIABLE = YES;
				IPHONEOS_DEPLOYMENT_TARGET = 10.3;
				MTL_ENABLE_DEBUG_INFO = NO;
				SDKROOT = iphoneos;
				VALIDATE_PRODUCT = YES;
			};
			name = Release;
		};
		D0B011DE1EFCEE430096B623 /* Debug */ = {
			isa = XCBuildConfiguration;
			baseConfigurationReference = 50265B110175FEA74C745304 /* Pods-GitTest.debug.xcconfig */;
			buildSettings = {
				ASSETCATALOG_COMPILER_APPICON_NAME = AppIcon;
				INFOPLIST_FILE = GitTest/Info.plist;
				LD_RUNPATH_SEARCH_PATHS = "$(inherited) @executable_path/Frameworks";
				PRODUCT_BUNDLE_IDENTIFIER = com.pioneerLee.GitTest;
				PRODUCT_NAME = "$(TARGET_NAME)";
			};
			name = Debug;
		};
		D0B011DF1EFCEE430096B623 /* Release */ = {
			isa = XCBuildConfiguration;
			baseConfigurationReference = 29224D9F740FC28DB24F4A32 /* Pods-GitTest.release.xcconfig */;
			buildSettings = {
				ASSETCATALOG_COMPILER_APPICON_NAME = AppIcon;
				INFOPLIST_FILE = GitTest/Info.plist;
				LD_RUNPATH_SEARCH_PATHS = "$(inherited) @executable_path/Frameworks";
				PRODUCT_BUNDLE_IDENTIFIER = com.pioneerLee.GitTest;
				PRODUCT_NAME = "$(TARGET_NAME)";
			};
			name = Release;
		};
		D0B011E11EFCEE430096B623 /* Debug */ = {
			isa = XCBuildConfiguration;
			baseConfigurationReference = 8B17EBA3316828EA80EEB2C8 /* Pods-GitTest-GitTestTests.debug.xcconfig */;
			buildSettings = {
				BUNDLE_LOADER = "$(TEST_HOST)";
				INFOPLIST_FILE = GitTestTests/Info.plist;
				LD_RUNPATH_SEARCH_PATHS = "$(inherited) @executable_path/Frameworks @loader_path/Frameworks";
				PRODUCT_BUNDLE_IDENTIFIER = com.pioneerLee.GitTestTests;
				PRODUCT_NAME = "$(TARGET_NAME)";
				TEST_HOST = "$(BUILT_PRODUCTS_DIR)/GitTest.app/GitTest";
			};
			name = Debug;
		};
		D0B011E21EFCEE430096B623 /* Release */ = {
			isa = XCBuildConfiguration;
			baseConfigurationReference = 8C5BE42D6E321C59DD1FF973 /* Pods-GitTest-GitTestTests.release.xcconfig */;
			buildSettings = {
				BUNDLE_LOADER = "$(TEST_HOST)";
				INFOPLIST_FILE = GitTestTests/Info.plist;
				LD_RUNPATH_SEARCH_PATHS = "$(inherited) @executable_path/Frameworks @loader_path/Frameworks";
				PRODUCT_BUNDLE_IDENTIFIER = com.pioneerLee.GitTestTests;
				PRODUCT_NAME = "$(TARGET_NAME)";
				TEST_HOST = "$(BUILT_PRODUCTS_DIR)/GitTest.app/GitTest";
			};
			name = Release;
		};
		D0B011E41EFCEE430096B623 /* Debug */ = {
			isa = XCBuildConfiguration;
			buildSettings = {
				INFOPLIST_FILE = GitTestUITests/Info.plist;
				LD_RUNPATH_SEARCH_PATHS = "$(inherited) @executable_path/Frameworks @loader_path/Frameworks";
				PRODUCT_BUNDLE_IDENTIFIER = com.pioneerLee.GitTestUITests;
				PRODUCT_NAME = "$(TARGET_NAME)";
				TEST_TARGET_NAME = GitTest;
			};
			name = Debug;
		};
		D0B011E51EFCEE430096B623 /* Release */ = {
			isa = XCBuildConfiguration;
			buildSettings = {
				INFOPLIST_FILE = GitTestUITests/Info.plist;
				LD_RUNPATH_SEARCH_PATHS = "$(inherited) @executable_path/Frameworks @loader_path/Frameworks";
				PRODUCT_BUNDLE_IDENTIFIER = com.pioneerLee.GitTestUITests;
				PRODUCT_NAME = "$(TARGET_NAME)";
				TEST_TARGET_NAME = GitTest;
			};
			name = Release;
		};
/* End XCBuildConfiguration section */

/* Begin XCConfigurationList section */
		D0B011AB1EFCEE420096B623 /* Build configuration list for PBXProject "GitTest" */ = {
			isa = XCConfigurationList;
			buildConfigurations = (
				D0B011DB1EFCEE430096B623 /* Debug */,
				D0B011DC1EFCEE430096B623 /* Release */,
			);
			defaultConfigurationIsVisible = 0;
			defaultConfigurationName = Release;
		};
		D0B011DD1EFCEE430096B623 /* Build configuration list for PBXNativeTarget "GitTest" */ = {
			isa = XCConfigurationList;
			buildConfigurations = (
				D0B011DE1EFCEE430096B623 /* Debug */,
				D0B011DF1EFCEE430096B623 /* Release */,
			);
			defaultConfigurationIsVisible = 0;
		};
		D0B011E01EFCEE430096B623 /* Build configuration list for PBXNativeTarget "GitTestTests" */ = {
			isa = XCConfigurationList;
			buildConfigurations = (
				D0B011E11EFCEE430096B623 /* Debug */,
				D0B011E21EFCEE430096B623 /* Release */,
			);
			defaultConfigurationIsVisible = 0;
		};
		D0B011E31EFCEE430096B623 /* Build configuration list for PBXNativeTarget "GitTestUITests" */ = {
			isa = XCConfigurationList;
			buildConfigurations = (
				D0B011E41EFCEE430096B623 /* Debug */,
				D0B011E51EFCEE430096B623 /* Release */,
			);
			defaultConfigurationIsVisible = 0;
		};
/* End XCConfigurationList section */
	};
	rootObject = D0B011A81EFCEE420096B623 /* Project object */;
}
